
Microsoft Visual Studio Solution File, Format Version 12.00
Project("{F2A71F9B-5D33-465A-A702-920D77279786}") = "domain-modeling-made-functional", "domain-modeling-made-functional\domain-modeling-made-functional.fsproj", "{64E34534-9F3B-4F10-9595-3125BD06CFFF}"
EndProject
Global
	GlobalSection(SolutionConfigurationPlatforms) = preSolution
		Debug|Any CPU = Debug|Any CPU
		Release|Any CPU = Release|Any CPU
	EndGlobalSection
	GlobalSection(ProjectConfigurationPlatforms) = postSolution
		{64E34534-9F3B-4F10-9595-3125BD06CFFF}.Debug|Any CPU.ActiveCfg = Debug|Any CPU
		{64E34534-9F3B-4F10-9595-3125BD06CFFF}.Debug|Any CPU.Build.0 = Debug|Any CPU
		{64E34534-9F3B-4F10-9595-3125BD06CFFF}.Release|Any CPU.ActiveCfg = Release|Any CPU
		{64E34534-9F3B-4F10-9595-3125BD06CFFF}.Release|Any CPU.Build.0 = Release|Any CPU
	EndGlobalSection
EndGlobal
